David efficient efficient Mbok
Microsoft Visual Studio Solution File, Format Version 12.00
# Visual Studio Version 16
VisualStudioVersion = 16.0.30002.166
MinimumVisualStudioVersion = 10.0.40219.1
Project("{FAE04EC0-301F-11D3-BF4B-00C04F79EFBC}") = "OnlineShoppingStore", "OnlineShoppingStore\OnlineShoppingStore.csproj", "{D7DBE077-1A97-41F8-AFDE-91C42FF8411D}"
EndProject
Global
	GlobalSection(SolutionConfigurationPlatforms) = preSolution
		Debug|Any CPU = Debug|Any CPU
		Release|Any CPU = Release|Any CPU
	EndGlobalSection
	GlobalSection(ProjectConfigurationPlatforms) = postSolution
		{D7DBE077-1A97-41F8-AFDE-91C42FF8411D}.Debug|Any CPU.ActiveCfg = Debug|Any CPU
		{D7DBE077-1A97-41F8-AFDE-91C42FF8411D}.Debug|Any CPU.Build.0 = Debug|Any CPU
		{D7DBE077-1A97-41F8-AFDE-91C42FF8411D}.Release|Any CPU.ActiveCfg = Release|Any CPU
		{D7DBE077-1A97-41F8-AFDE-91C42FF8411D}.Release|Any CPU.Build.0 = Release|Any CPU
	EndGlobalSection
	GlobalSection(SolutionProperties) = preSolution
		HideSolutionNode = FALSE
	EndGlobalSection
	GlobalSection(ExtensibilityGlobals) = postSolution
		SolutionGuid = {FED9F687-5E31-468D-A978-1288EBE9BFAD}
	EndGlobalSection
EndGlobal
